{
  "name": "standard-client",
  "version": "0.0.0",
  "lockfileVersion": 1,
  "requires": true,
  "dependencies": {
    "atom-languageclient": {
      "version": "0.5.0",
      "resolved": "https://registry.npmjs.org/atom-languageclient/-/atom-languageclient-0.5.0.tgz",
      "integrity": "sha512-pFTtaoaGcsX5T1pAweeIgqJafzaDbPeSmPeYa55F4fe+us6HpzMhIRypb2bBuxl5PwacMvL6pUgMATthP15sQg==",
      "requires": {
        "vscode-jsonrpc": "3.4.0"
      }
    },
    "vscode-jsonrpc": {
      "version": "3.4.0",
      "resolved": "https://registry.npmjs.org/vscode-jsonrpc/-/vscode-jsonrpc-3.4.0.tgz",
      "integrity": "sha1-qpWsWDvzHYD3JdV8J8CfTCz+n6k="
    }
  }
}
